
Microsoft Visual Studio Solution File, Format Version 12.00
# Visual Studio Version 17
VisualStudioVersion = 17.9.34622.214
MinimumVisualStudioVersion = 10.0.40219.1
Project("{9A19103F-16F7-4668-BE54-9A1E7A4F7556}") = "Splash", "Splash\Splash.csproj", "{5C5DEB1F-6000-4733-8AFA-8452BDEAC7B9}"
EndProject
Global
	GlobalSection(SolutionConfigurationPlatforms) = preSolution
		Debug|Any CPU = Debug|Any CPU
		Release|Any CPU = Release|Any CPU
	EndGlobalSection
	GlobalSection(ProjectConfigurationPlatforms) = postSolution
		{5C5DEB1F-6000-4733-8AFA-8452BDEAC7B9}.Debug|Any CPU.ActiveCfg = Debug|Any CPU
		{5C5DEB1F-6000-4733-8AFA-8452BDEAC7B9}.Debug|Any CPU.Build.0 = Debug|Any CPU
		{5C5DEB1F-6000-4733-8AFA-8452BDEAC7B9}.Release|Any CPU.ActiveCfg = Release|Any CPU
		{5C5DEB1F-6000-4733-8AFA-8452BDEAC7B9}.Release|Any CPU.Build.0 = Release|Any CPU
	EndGlobalSection
	GlobalSection(SolutionProperties) = preSolution
		HideSolutionNode = FALSE
	EndGlobalSection
	GlobalSection(ExtensibilityGlobals) = postSolution
		SolutionGuid = {7FB4D5B0-FBDA-48A6-A510-8EAD518301FB}
	EndGlobalSection
EndGlobal
